
Microsoft Visual Studio Solution File, Format Version 12.00
# Visual Studio Version 16
VisualStudioVersion = 16.0.31729.503
MinimumVisualStudioVersion = 10.0.40219.1
Project("{FAE04EC0-301F-11D3-BF4B-00C04F79EFBC}") = "DeployAPI", "DeployAPI.csproj", "{5A6C99B2-C5AF-43C1-BD80-CE97C189551D}"
EndProject
Global
	GlobalSection(SolutionConfigurationPlatforms) = preSolution
		Debug|Any CPU = Debug|Any CPU
		Release|Any CPU = Release|Any CPU
	EndGlobalSection
	GlobalSection(ProjectConfigurationPlatforms) = postSolution
		{5A6C99B2-C5AF-43C1-BD80-CE97C189551D}.Debug|Any CPU.ActiveCfg = Debug|Any CPU
		{5A6C99B2-C5AF-43C1-BD80-CE97C189551D}.Debug|Any CPU.Build.0 = Debug|Any CPU
		{5A6C99B2-C5AF-43C1-BD80-CE97C189551D}.Release|Any CPU.ActiveCfg = Release|Any CPU
		{5A6C99B2-C5AF-43C1-BD80-CE97C189551D}.Release|Any CPU.Build.0 = Release|Any CPU
	EndGlobalSection
	GlobalSection(SolutionProperties) = preSolution
		HideSolutionNode = FALSE
	EndGlobalSection
	GlobalSection(ExtensibilityGlobals) = postSolution
		SolutionGuid = {08A5D4E8-1F22-43D1-871A-028FF9169EF9}
	EndGlobalSection
EndGlobal
